
Microsoft Visual Studio Solution File, Format Version 12.00
# Visual Studio Version 17
VisualStudioVersion = 17.13.35931.197 d17.13
MinimumVisualStudioVersion = 10.0.40219.1
Project("{FAE04EC0-301F-11D3-BF4B-00C04F79EFBC}") = "ServicioSegip", "ServicioSegip\ServicioSegip.csproj", "{CC2D003F-5DE8-473C-9CD3-C9E07115798E}"
EndProject
Global
	GlobalSection(SolutionConfigurationPlatforms) = preSolution
		Debug|Any CPU = Debug|Any CPU
		Release|Any CPU = Release|Any CPU
	EndGlobalSection
	GlobalSection(ProjectConfigurationPlatforms) = postSolution
		{CC2D003F-5DE8-473C-9CD3-C9E07115798E}.Debug|Any CPU.ActiveCfg = Debug|Any CPU
		{CC2D003F-5DE8-473C-9CD3-C9E07115798E}.Debug|Any CPU.Build.0 = Debug|Any CPU
		{CC2D003F-5DE8-473C-9CD3-C9E07115798E}.Release|Any CPU.ActiveCfg = Release|Any CPU
		{CC2D003F-5DE8-473C-9CD3-C9E07115798E}.Release|Any CPU.Build.0 = Release|Any CPU
	EndGlobalSection
	GlobalSection(SolutionProperties) = preSolution
		HideSolutionNode = FALSE
	EndGlobalSection
	GlobalSection(ExtensibilityGlobals) = postSolution
		SolutionGuid = {66B5A70D-6F05-4E00-9DF8-B5739ED271C6}
	EndGlobalSection
EndGlobal
